
Microsoft Visual Studio Solution File, Format Version 12.00
# Visual Studio 15
VisualStudioVersion = 15.0.28010.2026
MinimumVisualStudioVersion = 10.0.40219.1
Project("{FAE04EC0-301F-11D3-BF4B-00C04F79EFBC}") = "Xache", "Xache\Xache.csproj", "{46CEADFB-9E9F-4046-AA03-F3B050A82444}"
EndProject
Project("{FAE04EC0-301F-11D3-BF4B-00C04F79EFBC}") = "Xache.Tests", "Xache.Tests\Xache.Tests.csproj", "{ACAB4C58-C91D-4C98-8E57-0BF097B93645}"
EndProject
Global
	GlobalSection(SolutionConfigurationPlatforms) = preSolution
		Debug|Any CPU = Debug|Any CPU
		Release|Any CPU = Release|Any CPU
	EndGlobalSection
	GlobalSection(ProjectConfigurationPlatforms) = postSolution
		{46CEADFB-9E9F-4046-AA03-F3B050A82444}.Debug|Any CPU.ActiveCfg = Debug|Any CPU
		{46CEADFB-9E9F-4046-AA03-F3B050A82444}.Debug|Any CPU.Build.0 = Debug|Any CPU
		{46CEADFB-9E9F-4046-AA03-F3B050A82444}.Release|Any CPU.ActiveCfg = Release|Any CPU
		{46CEADFB-9E9F-4046-AA03-F3B050A82444}.Release|Any CPU.Build.0 = Release|Any CPU
		{ACAB4C58-C91D-4C98-8E57-0BF097B93645}.Debug|Any CPU.ActiveCfg = Debug|Any CPU
		{ACAB4C58-C91D-4C98-8E57-0BF097B93645}.Debug|Any CPU.Build.0 = Debug|Any CPU
		{ACAB4C58-C91D-4C98-8E57-0BF097B93645}.Release|Any CPU.ActiveCfg = Release|Any CPU
		{ACAB4C58-C91D-4C98-8E57-0BF097B93645}.Release|Any CPU.Build.0 = Release|Any CPU
	EndGlobalSection
	GlobalSection(SolutionProperties) = preSolution
		HideSolutionNode = FALSE
	EndGlobalSection
	GlobalSection(ExtensibilityGlobals) = postSolution
		SolutionGuid = {14C54BBB-CB51-40C2-8E0B-77D769CAFB54}
	EndGlobalSection
EndGlobal
